
Microsoft Visual Studio Solution File, Format Version 12.00
# Visual Studio Version 17
VisualStudioVersion = 17.3.32929.385
MinimumVisualStudioVersion = 10.0.40219.1
Project("{FAE04EC0-301F-11D3-BF4B-00C04F79EFBC}") = "FileIOOPeration", "FileIOOPeration.csproj", "{0B611496-C84E-4659-8B39-50DC69D490DF}"
EndProject
Global
	GlobalSection(SolutionConfigurationPlatforms) = preSolution
		Debug|Any CPU = Debug|Any CPU
		Release|Any CPU = Release|Any CPU
	EndGlobalSection
	GlobalSection(ProjectConfigurationPlatforms) = postSolution
		{0B611496-C84E-4659-8B39-50DC69D490DF}.Debug|Any CPU.ActiveCfg = Debug|Any CPU
		{0B611496-C84E-4659-8B39-50DC69D490DF}.Debug|Any CPU.Build.0 = Debug|Any CPU
		{0B611496-C84E-4659-8B39-50DC69D490DF}.Release|Any CPU.ActiveCfg = Release|Any CPU
		{0B611496-C84E-4659-8B39-50DC69D490DF}.Release|Any CPU.Build.0 = Release|Any CPU
	EndGlobalSection
	GlobalSection(SolutionProperties) = preSolution
		HideSolutionNode = FALSE
	EndGlobalSection
	GlobalSection(ExtensibilityGlobals) = postSolution
		SolutionGuid = {23D61F8E-E134-4EA7-99DB-F1B8C034950A}
	EndGlobalSection
EndGlobal
